
Microsoft Visual Studio Solution File, Format Version 12.00
# Visual Studio Version 17
VisualStudioVersion = 17.0.31903.59
MinimumVisualStudioVersion = 10.0.40219.1
Project("{FAE04EC0-301F-11D3-BF4B-00C04F79EFBC}") = "API", "API\API.csproj", "{3A401664-6766-40BA-B1A1-82EB30441BC4}"
EndProject
Project("{FAE04EC0-301F-11D3-BF4B-00C04F79EFBC}") = "Application", "Application\Application.csproj", "{1DFBA4D1-40D9-4D91-B9FD-91442D553D82}"
EndProject
Project("{FAE04EC0-301F-11D3-BF4B-00C04F79EFBC}") = "Domain", "Domain\Domain.csproj", "{B15C1A6F-2517-47B3-ABBC-A396ADCAD9DA}"
EndProject
Project("{FAE04EC0-301F-11D3-BF4B-00C04F79EFBC}") = "persistence", "persistence\persistence.csproj", "{540B08E6-49A7-4331-9280-7073564F5477}"
EndProject
Global
	GlobalSection(SolutionConfigurationPlatforms) = preSolution
		Debug|Any CPU = Debug|Any CPU
		Release|Any CPU = Release|Any CPU
	EndGlobalSection
	GlobalSection(SolutionProperties) = preSolution
		HideSolutionNode = FALSE
	EndGlobalSection
	GlobalSection(ProjectConfigurationPlatforms) = postSolution
		{3A401664-6766-40BA-B1A1-82EB30441BC4}.Debug|Any CPU.ActiveCfg = Debug|Any CPU
		{3A401664-6766-40BA-B1A1-82EB30441BC4}.Debug|Any CPU.Build.0 = Debug|Any CPU
		{3A401664-6766-40BA-B1A1-82EB30441BC4}.Release|Any CPU.ActiveCfg = Release|Any CPU
		{3A401664-6766-40BA-B1A1-82EB30441BC4}.Release|Any CPU.Build.0 = Release|Any CPU
		{1DFBA4D1-40D9-4D91-B9FD-91442D553D82}.Debug|Any CPU.ActiveCfg = Debug|Any CPU
		{1DFBA4D1-40D9-4D91-B9FD-91442D553D82}.Debug|Any CPU.Build.0 = Debug|Any CPU
		{1DFBA4D1-40D9-4D91-B9FD-91442D553D82}.Release|Any CPU.ActiveCfg = Release|Any CPU
		{1DFBA4D1-40D9-4D91-B9FD-91442D553D82}.Release|Any CPU.Build.0 = Release|Any CPU
		{B15C1A6F-2517-47B3-ABBC-A396ADCAD9DA}.Debug|Any CPU.ActiveCfg = Debug|Any CPU
		{B15C1A6F-2517-47B3-ABBC-A396ADCAD9DA}.Debug|Any CPU.Build.0 = Debug|Any CPU
		{B15C1A6F-2517-47B3-ABBC-A396ADCAD9DA}.Release|Any CPU.ActiveCfg = Release|Any CPU
		{B15C1A6F-2517-47B3-ABBC-A396ADCAD9DA}.Release|Any CPU.Build.0 = Release|Any CPU
		{540B08E6-49A7-4331-9280-7073564F5477}.Debug|Any CPU.ActiveCfg = Debug|Any CPU
		{540B08E6-49A7-4331-9280-7073564F5477}.Debug|Any CPU.Build.0 = Debug|Any CPU
		{540B08E6-49A7-4331-9280-7073564F5477}.Release|Any CPU.ActiveCfg = Release|Any CPU
		{540B08E6-49A7-4331-9280-7073564F5477}.Release|Any CPU.Build.0 = Release|Any CPU
	EndGlobalSection
EndGlobal
